// !$*UTF8*$!
{
	archiveVersion = 1;
	classes = {
	};
	objectVersion = 46;
	objects = {

/* Begin PBXBuildFile section */
		31074BE81A156B1F003F7557 /* GithubAPI.swift in Sources */ = {isa = PBXBuildFile; fileRef = 31074BE61A156B1F003F7557 /* GithubAPI.swift */; };
		31074BE91A156B1F003F7557 /* LoginViewController.swift in Sources */ = {isa = PBXBuildFile; fileRef = 31074BE71A156B1F003F7557 /* LoginViewController.swift */; };
		31A0AC751A1566E000C74702 /* AppDelegate.swift in Sources */ = {isa = PBXBuildFile; fileRef = 31A0AC741A1566E000C74702 /* AppDelegate.swift */; };
		31A0AC771A1566E000C74702 /* FeedViewController.swift in Sources */ = {isa = PBXBuildFile; fileRef = 31A0AC761A1566E000C74702 /* FeedViewController.swift */; };
		31A0AC7A1A1566E000C74702 /* Main.storyboard in Resources */ = {isa = PBXBuildFile; fileRef = 31A0AC781A1566E000C74702 /* Main.storyboard */; };
		31A0AC7C1A1566E000C74702 /* Images.xcassets in Resources */ = {isa = PBXBuildFile; fileRef = 31A0AC7B1A1566E000C74702 /* Images.xcassets */; };
		31A0AC7F1A1566E000C74702 /* LaunchScreen.xib in Resources */ = {isa = PBXBuildFile; fileRef = 31A0AC7D1A1566E000C74702 /* LaunchScreen.xib */; };
		31A0AC8B1A1566E000C74702 /* DigijamTests.swift in Sources */ = {isa = PBXBuildFile; fileRef = 31A0AC8A1A1566E000C74702 /* DigijamTests.swift */; };
		31A0ACA01A1567A700C74702 /* Alamofire.framework in Copy Frameworks */ = {isa = PBXBuildFile; fileRef = 31A0AC9A1A15677B00C74702 /* Alamofire.framework */; settings = {ATTRIBUTES = (CodeSignOnCopy, RemoveHeadersOnCopy, ); }; };
		31E424761A1B98530075256E /* LoginProtocol.swift in Sources */ = {isa = PBXBuildFile; fileRef = 31E424751A1B98530075256E /* LoginProtocol.swift */; };
		D8027E661A26126F00D38645 /* User.swift in Sources */ = {isa = PBXBuildFile; fileRef = D8027E651A26126F00D38645 /* User.swift */; };
		D808B4BE1A237A68004BF515 /* Digijam.xcdatamodeld in Sources */ = {isa = PBXBuildFile; fileRef = D808B4BC1A237A68004BF515 /* Digijam.xcdatamodeld */; };
		D808B4C11A237BC1004BF515 /* CoreDataManager.swift in Sources */ = {isa = PBXBuildFile; fileRef = D808B4C01A237BC1004BF515 /* CoreDataManager.swift */; };
		D808B4C31A237BCE004BF515 /* CoreData.framework in Frameworks */ = {isa = PBXBuildFile; fileRef = D808B4C21A237BCE004BF515 /* CoreData.framework */; };
		D8BF55F01A1BD5BC00AE78F8 /* PrivateKeys.swift in Sources */ = {isa = PBXBuildFile; fileRef = D8BF55EF1A1BD5BC00AE78F8 /* PrivateKeys.swift */; };
		D8C986B11A1BFA850093C217 /* FirebaseAPI.swift in Sources */ = {isa = PBXBuildFile; fileRef = D8C986B01A1BFA850093C217 /* FirebaseAPI.swift */; };
/* End PBXBuildFile section */

/* Begin PBXContainerItemProxy section */
		31A0AC851A1566E000C74702 /* PBXContainerItemProxy */ = {
			isa = PBXContainerItemProxy;
			containerPortal = 31A0AC671A1566E000C74702 /* Project object */;
			proxyType = 1;
			remoteGlobalIDString = 31A0AC6E1A1566E000C74702;
			remoteInfo = Digijam;
		};
		31A0AC991A15677B00C74702 /* PBXContainerItemProxy */ = {
			isa = PBXContainerItemProxy;
			containerPortal = 31A0AC941A15677B00C74702 /* Alamofire.xcodeproj */;
			proxyType = 2;
			remoteGlobalIDString = F8111E3319A95C8B0040E7D1;
			remoteInfo = Alamofire;
		};
		31A0AC9B1A15677B00C74702 /* PBXContainerItemProxy */ = {
			isa = PBXContainerItemProxy;
			containerPortal = 31A0AC941A15677B00C74702 /* Alamofire.xcodeproj */;
			proxyType = 2;
			remoteGlobalIDString = F8111E3E19A95C8B0040E7D1;
			remoteInfo = AlamofireTests;
		};
		31A0AC9D1A15679A00C74702 /* PBXContainerItemProxy */ = {
			isa = PBXContainerItemProxy;
			containerPortal = 31A0AC941A15677B00C74702 /* Alamofire.xcodeproj */;
			proxyType = 1;
			remoteGlobalIDString = F8111E3219A95C8B0040E7D1;
			remoteInfo = Alamofire;
		};
/* End PBXContainerItemProxy section */

/* Begin PBXCopyFilesBuildPhase section */
		31A0AC9F1A15679E00C74702 /* Copy Frameworks */ = {
			isa = PBXCopyFilesBuildPhase;
			buildActionMask = 2147483647;
			dstPath = "";
			dstSubfolderSpec = 10;
			files = (
				31A0ACA01A1567A700C74702 /* Alamofire.framework in Copy Frameworks */,
			);
			name = "Copy Frameworks";
			runOnlyForDeploymentPostprocessing = 0;
		};
/* End PBXCopyFilesBuildPhase section */

/* Begin PBXFileReference section */
		31074BE61A156B1F003F7557 /* GithubAPI.swift */ = {isa = PBXFileReference; fileEncoding = 4; lastKnownFileType = sourcecode.swift; path = GithubAPI.swift; sourceTree = "<group>"; };
		31074BE71A156B1F003F7557 /* LoginViewController.swift */ = {isa = PBXFileReference; fileEncoding = 4; lastKnownFileType = sourcecode.swift; path = LoginViewController.swift; sourceTree = "<group>"; };
		31A0AC6F1A1566E000C74702 /* Digijam.app */ = {isa = PBXFileReference; explicitFileType = wrapper.application; includeInIndex = 0; path = Digijam.app; sourceTree = BUILT_PRODUCTS_DIR; };
		31A0AC731A1566E000C74702 /* Info.plist */ = {isa = PBXFileReference; lastKnownFileType = text.plist.xml; path = Info.plist; sourceTree = "<group>"; };
		31A0AC741A1566E000C74702 /* AppDelegate.swift */ = {isa = PBXFileReference; lastKnownFileType = sourcecode.swift; path = AppDelegate.swift; sourceTree = "<group>"; };
		31A0AC761A1566E000C74702 /* FeedViewController.swift */ = {isa = PBXFileReference; lastKnownFileType = sourcecode.swift; path = FeedViewController.swift; sourceTree = "<group>"; };
		31A0AC791A1566E000C74702 /* Base */ = {isa = PBXFileReference; lastKnownFileType = file.storyboard; name = Base; path = Base.lproj/Main.storyboard; sourceTree = "<group>"; };
		31A0AC7B1A1566E000C74702 /* Images.xcassets */ = {isa = PBXFileReference; lastKnownFileType = folder.assetcatalog; path = Images.xcassets; sourceTree = "<group>"; };
		31A0AC7E1A1566E000C74702 /* Base */ = {isa = PBXFileReference; lastKnownFileType = file.xib; name = Base; path = Base.lproj/LaunchScreen.xib; sourceTree = "<group>"; };
		31A0AC841A1566E000C74702 /* DigijamTests.xctest */ = {isa = PBXFileReference; explicitFileType = wrapper.cfbundle; includeInIndex = 0; path = DigijamTests.xctest; sourceTree = BUILT_PRODUCTS_DIR; };
		31A0AC891A1566E000C74702 /* Info.plist */ = {isa = PBXFileReference; lastKnownFileType = text.plist.xml; path = Info.plist; sourceTree = "<group>"; };
		31A0AC8A1A1566E000C74702 /* DigijamTests.swift */ = {isa = PBXFileReference; lastKnownFileType = sourcecode.swift; path = DigijamTests.swift; sourceTree = "<group>"; };
		31A0AC941A15677B00C74702 /* Alamofire.xcodeproj */ = {isa = PBXFileReference; lastKnownFileType = "wrapper.pb-project"; name = Alamofire.xcodeproj; path = Alamofire/Alamofire.xcodeproj; sourceTree = "<group>"; };
		31E424751A1B98530075256E /* LoginProtocol.swift */ = {isa = PBXFileReference; fileEncoding = 4; lastKnownFileType = sourcecode.swift; path = LoginProtocol.swift; sourceTree = "<group>"; };
		D8027E651A26126F00D38645 /* User.swift */ = {isa = PBXFileReference; fileEncoding = 4; lastKnownFileType = sourcecode.swift; path = User.swift; sourceTree = "<group>"; };
		D808B4BD1A237A68004BF515 /* Digijam.xcdatamodel */ = {isa = PBXFileReference; lastKnownFileType = wrapper.xcdatamodel; path = Digijam.xcdatamodel; sourceTree = "<group>"; };
		D808B4C01A237BC1004BF515 /* CoreDataManager.swift */ = {isa = PBXFileReference; fileEncoding = 4; lastKnownFileType = sourcecode.swift; path = CoreDataManager.swift; sourceTree = "<group>"; };
		D808B4C21A237BCE004BF515 /* CoreData.framework */ = {isa = PBXFileReference; lastKnownFileType = wrapper.framework; name = CoreData.framework; path = System/Library/Frameworks/CoreData.framework; sourceTree = SDKROOT; };
		D8BF55EF1A1BD5BC00AE78F8 /* PrivateKeys.swift */ = {isa = PBXFileReference; fileEncoding = 4; lastKnownFileType = sourcecode.swift; name = PrivateKeys.swift; path = ignoreMe/PrivateKeys.swift; sourceTree = SOURCE_ROOT; };
		D8C986B01A1BFA850093C217 /* FirebaseAPI.swift */ = {isa = PBXFileReference; fileEncoding = 4; lastKnownFileType = sourcecode.swift; path = FirebaseAPI.swift; sourceTree = "<group>"; };
/* End PBXFileReference section */

/* Begin PBXFrameworksBuildPhase section */
		31A0AC6C1A1566E000C74702 /* Frameworks */ = {
			isa = PBXFrameworksBuildPhase;
			buildActionMask = 2147483647;
			files = (
				D808B4C31A237BCE004BF515 /* CoreData.framework in Frameworks */,
			);
			runOnlyForDeploymentPostprocessing = 0;
		};
		31A0AC811A1566E000C74702 /* Frameworks */ = {
			isa = PBXFrameworksBuildPhase;
			buildActionMask = 2147483647;
			files = (
			);
			runOnlyForDeploymentPostprocessing = 0;
		};
/* End PBXFrameworksBuildPhase section */

/* Begin PBXGroup section */
		31A0AC661A1566E000C74702 = {
			isa = PBXGroup;
			children = (
				31A0AC941A15677B00C74702 /* Alamofire.xcodeproj */,
				31A0AC711A1566E000C74702 /* Digijam */,
				31A0AC871A1566E000C74702 /* DigijamTests */,
				31A0AC701A1566E000C74702 /* Products */,
			);
			sourceTree = "<group>";
		};
		31A0AC701A1566E000C74702 /* Products */ = {
			isa = PBXGroup;
			children = (
				31A0AC6F1A1566E000C74702 /* Digijam.app */,
				31A0AC841A1566E000C74702 /* DigijamTests.xctest */,
			);
			name = Products;
			sourceTree = "<group>";
		};
		31A0AC711A1566E000C74702 /* Digijam */ = {
			isa = PBXGroup;
			children = (
				31A0AC741A1566E000C74702 /* AppDelegate.swift */,
				D808B4BC1A237A68004BF515 /* Digijam.xcdatamodeld */,
				D8027E651A26126F00D38645 /* User.swift */,
				D808B4C01A237BC1004BF515 /* CoreDataManager.swift */,
				D8BF55EF1A1BD5BC00AE78F8 /* PrivateKeys.swift */,
				31A0AC761A1566E000C74702 /* FeedViewController.swift */,
				D8C986B01A1BFA850093C217 /* FirebaseAPI.swift */,
				31074BE61A156B1F003F7557 /* GithubAPI.swift */,
				31074BE71A156B1F003F7557 /* LoginViewController.swift */,
				31E424751A1B98530075256E /* LoginProtocol.swift */,
				31A0AC781A1566E000C74702 /* Main.storyboard */,
				31A0AC7B1A1566E000C74702 /* Images.xcassets */,
				31A0AC7D1A1566E000C74702 /* LaunchScreen.xib */,
				31A0AC721A1566E000C74702 /* Supporting Files */,
			);
			path = Digijam;
			sourceTree = "<group>";
		};
		31A0AC721A1566E000C74702 /* Supporting Files */ = {
			isa = PBXGroup;
			children = (
				D808B4C21A237BCE004BF515 /* CoreData.framework */,
				31A0AC731A1566E000C74702 /* Info.plist */,
			);
			name = "Supporting Files";
			sourceTree = "<group>";
		};
		31A0AC871A1566E000C74702 /* DigijamTests */ = {
			isa = PBXGroup;
			children = (
				31A0AC8A1A1566E000C74702 /* DigijamTests.swift */,
				31A0AC881A1566E000C74702 /* Supporting Files */,
			);
			path = DigijamTests;
			sourceTree = "<group>";
		};
		31A0AC881A1566E000C74702 /* Supporting Files */ = {
			isa = PBXGroup;
			children = (
				31A0AC891A1566E000C74702 /* Info.plist */,
			);
			name = "Supporting Files";
			sourceTree = "<group>";
		};
		31A0AC951A15677B00C74702 /* Products */ = {
			isa = PBXGroup;
			children = (
				31A0AC9A1A15677B00C74702 /* Alamofire.framework */,
				31A0AC9C1A15677B00C74702 /* AlamofireTests.xctest */,
			);
			name = Products;
			sourceTree = "<group>";
		};
/* End PBXGroup section */

/* Begin PBXNativeTarget section */
		31A0AC6E1A1566E000C74702 /* Digijam */ = {
			isa = PBXNativeTarget;
			buildConfigurationList = 31A0AC8E1A1566E000C74702 /* Build configuration list for PBXNativeTarget "Digijam" */;
			buildPhases = (
				31A0AC6B1A1566E000C74702 /* Sources */,
				31A0AC6C1A1566E000C74702 /* Frameworks */,
				31A0AC6D1A1566E000C74702 /* Resources */,
				31A0AC9F1A15679E00C74702 /* Copy Frameworks */,
			);
			buildRules = (
			);
			dependencies = (
				31A0AC9E1A15679A00C74702 /* PBXTargetDependency */,
			);
			name = Digijam;
			productName = Digijam;
			productReference = 31A0AC6F1A1566E000C74702 /* Digijam.app */;
			productType = "com.apple.product-type.application";
		};
		31A0AC831A1566E000C74702 /* DigijamTests */ = {
			isa = PBXNativeTarget;
			buildConfigurationList = 31A0AC911A1566E000C74702 /* Build configuration list for PBXNativeTarget "DigijamTests" */;
			buildPhases = (
				31A0AC801A1566E000C74702 /* Sources */,
				31A0AC811A1566E000C74702 /* Frameworks */,
				31A0AC821A1566E000C74702 /* Resources */,
			);
			buildRules = (
			);
			dependencies = (
				31A0AC861A1566E000C74702 /* PBXTargetDependency */,
			);
			name = DigijamTests;
			productName = DigijamTests;
			productReference = 31A0AC841A1566E000C74702 /* DigijamTests.xctest */;
			productType = "com.apple.product-type.bundle.unit-test";
		};
/* End PBXNativeTarget section */

/* Begin PBXProject section */
		31A0AC671A1566E000C74702 /* Project object */ = {
			isa = PBXProject;
			attributes = {
				LastUpgradeCheck = 0600;
				ORGANIZATIONNAME = "Zachary Drossman";
				TargetAttributes = {
					31A0AC6E1A1566E000C74702 = {
						CreatedOnToolsVersion = 6.0.1;
					};
					31A0AC831A1566E000C74702 = {
						CreatedOnToolsVersion = 6.0.1;
						TestTargetID = 31A0AC6E1A1566E000C74702;
					};
				};
			};
			buildConfigurationList = 31A0AC6A1A1566E000C74702 /* Build configuration list for PBXProject "Digijam" */;
			compatibilityVersion = "Xcode 3.2";
			developmentRegion = English;
			hasScannedForEncodings = 0;
			knownRegions = (
				en,
				Base,
			);
			mainGroup = 31A0AC661A1566E000C74702;
			productRefGroup = 31A0AC701A1566E000C74702 /* Products */;
			projectDirPath = "";
			projectReferences = (
				{
					ProductGroup = 31A0AC951A15677B00C74702 /* Products */;
					ProjectRef = 31A0AC941A15677B00C74702 /* Alamofire.xcodeproj */;
				},
			);
			projectRoot = "";
			targets = (
				31A0AC6E1A1566E000C74702 /* Digijam */,
				31A0AC831A1566E000C74702 /* DigijamTests */,
			);
		};
/* End PBXProject section */

/* Begin PBXReferenceProxy section */
		31A0AC9A1A15677B00C74702 /* Alamofire.framework */ = {
			isa = PBXReferenceProxy;
			fileType = wrapper.framework;
			path = Alamofire.framework;
			remoteRef = 31A0AC991A15677B00C74702 /* PBXContainerItemProxy */;
			sourceTree = BUILT_PRODUCTS_DIR;
		};
		31A0AC9C1A15677B00C74702 /* AlamofireTests.xctest */ = {
			isa = PBXReferenceProxy;
			fileType = wrapper.cfbundle;
			path = AlamofireTests.xctest;
			remoteRef = 31A0AC9B1A15677B00C74702 /* PBXContainerItemProxy */;
			sourceTree = BUILT_PRODUCTS_DIR;
		};
/* End PBXReferenceProxy section */

/* Begin PBXResourcesBuildPhase section */
		31A0AC6D1A1566E000C74702 /* Resources */ = {
			isa = PBXResourcesBuildPhase;
			buildActionMask = 2147483647;
			files = (
				31A0AC7A1A1566E000C74702 /* Main.storyboard in Resources */,
				31A0AC7F1A1566E000C74702 /* LaunchScreen.xib in Resources */,
				31A0AC7C1A1566E000C74702 /* Images.xcassets in Resources */,
			);
			runOnlyForDeploymentPostprocessing = 0;
		};
		31A0AC821A1566E000C74702 /* Resources */ = {
			isa = PBXResourcesBuildPhase;
			buildActionMask = 2147483647;
			files = (
			);
			runOnlyForDeploymentPostprocessing = 0;
		};
/* End PBXResourcesBuildPhase section */

/* Begin PBXSourcesBuildPhase section */
		31A0AC6B1A1566E000C74702 /* Sources */ = {
			isa = PBXSourcesBuildPhase;
			buildActionMask = 2147483647;
			files = (
				31074BE91A156B1F003F7557 /* LoginViewController.swift in Sources */,
				D808B4BE1A237A68004BF515 /* Digijam.xcdatamodeld in Sources */,
				31A0AC771A1566E000C74702 /* FeedViewController.swift in Sources */,
				31E424761A1B98530075256E /* LoginProtocol.swift in Sources */,
				31074BE81A156B1F003F7557 /* GithubAPI.swift in Sources */,
				31A0AC751A1566E000C74702 /* AppDelegate.swift in Sources */,
				D808B4C11A237BC1004BF515 /* CoreDataManager.swift in Sources */,
				D8BF55F01A1BD5BC00AE78F8 /* PrivateKeys.swift in Sources */,
				D8027E661A26126F00D38645 /* User.swift in Sources */,
				D8C986B11A1BFA850093C217 /* FirebaseAPI.swift in Sources */,
			);
			runOnlyForDeploymentPostprocessing = 0;
		};
		31A0AC801A1566E000C74702 /* Sources */ = {
			isa = PBXSourcesBuildPhase;
			buildActionMask = 2147483647;
			files = (
				31A0AC8B1A1566E000C74702 /* DigijamTests.swift in Sources */,
			);
			runOnlyForDeploymentPostprocessing = 0;
		};
/* End PBXSourcesBuildPhase section */

/* Begin PBXTargetDependency section */
		31A0AC861A1566E000C74702 /* PBXTargetDependency */ = {
			isa = PBXTargetDependency;
			target = 31A0AC6E1A1566E000C74702 /* Digijam */;
			targetProxy = 31A0AC851A1566E000C74702 /* PBXContainerItemProxy */;
		};
		31A0AC9E1A15679A00C74702 /* PBXTargetDependency */ = {
			isa = PBXTargetDependency;
			name = Alamofire;
			targetProxy = 31A0AC9D1A15679A00C74702 /* PBXContainerItemProxy */;
		};
/* End PBXTargetDependency section */

/* Begin PBXVariantGroup section */
		31A0AC781A1566E000C74702 /* Main.storyboard */ = {
			isa = PBXVariantGroup;
			children = (
				31A0AC791A1566E000C74702 /* Base */,
			);
			name = Main.storyboard;
			sourceTree = "<group>";
		};
		31A0AC7D1A1566E000C74702 /* LaunchScreen.xib */ = {
			isa = PBXVariantGroup;
			children = (
				31A0AC7E1A1566E000C74702 /* Base */,
			);
			name = LaunchScreen.xib;
			sourceTree = "<group>";
		};
/* End PBXVariantGroup section */

/* Begin XCBuildConfiguration section */
		31A0AC8C1A1566E000C74702 /* Debug */ = {
			isa = XCBuildConfiguration;
			buildSettings = {
				ALWAYS_SEARCH_USER_PATHS = NO;
				CLANG_CXX_LANGUAGE_STANDARD = "gnu++0x";
				CLANG_CXX_LIBRARY = "libc++";
				CLANG_ENABLE_MODULES = YES;
				CLANG_ENABLE_OBJC_ARC = YES;
				CLANG_WARN_BOOL_CONVERSION = YES;
				CLANG_WARN_CONSTANT_CONVERSION = YES;
				CLANG_WARN_DIRECT_OBJC_ISA_USAGE = YES_ERROR;
				CLANG_WARN_EMPTY_BODY = YES;
				CLANG_WARN_ENUM_CONVERSION = YES;
				CLANG_WARN_INT_CONVERSION = YES;
				CLANG_WARN_OBJC_ROOT_CLASS = YES_ERROR;
				CLANG_WARN_UNREACHABLE_CODE = YES;
				CLANG_WARN__DUPLICATE_METHOD_MATCH = YES;
				"CODE_SIGN_IDENTITY[sdk=iphoneos*]" = "iPhone Developer";
				COPY_PHASE_STRIP = NO;
				ENABLE_STRICT_OBJC_MSGSEND = YES;
				GCC_C_LANGUAGE_STANDARD = gnu99;
				GCC_DYNAMIC_NO_PIC = NO;
				GCC_OPTIMIZATION_LEVEL = 0;
				GCC_PREPROCESSOR_DEFINITIONS = (
					"DEBUG=1",
					"$(inherited)",
				);
				GCC_SYMBOLS_PRIVATE_EXTERN = NO;
				GCC_WARN_64_TO_32_BIT_CONVERSION = YES;
				GCC_WARN_ABOUT_RETURN_TYPE = YES_ERROR;
				GCC_WARN_UNDECLARED_SELECTOR = YES;
				GCC_WARN_UNINITIALIZED_AUTOS = YES_AGGRESSIVE;
				GCC_WARN_UNUSED_FUNCTION = YES;
				GCC_WARN_UNUSED_VARIABLE = YES;
				IPHONEOS_DEPLOYMENT_TARGET = 8.0;
				MTL_ENABLE_DEBUG_INFO = YES;
				ONLY_ACTIVE_ARCH = YES;
				SDKROOT = iphoneos;
				SWIFT_OPTIMIZATION_LEVEL = "-Onone";
			};
			name = Debug;
		};
		31A0AC8D1A1566E000C74702 /* Release */ = {
			isa = XCBuildConfiguration;
			buildSettings = {
				ALWAYS_SEARCH_USER_PATHS = NO;
				CLANG_CXX_LANGUAGE_STANDARD = "gnu++0x";
				CLANG_CXX_LIBRARY = "libc++";
				CLANG_ENABLE_MODULES = YES;
				CLANG_ENABLE_OBJC_ARC = YES;
				CLANG_WARN_BOOL_CONVERSION = YES;
				CLANG_WARN_CONSTANT_CONVERSION = YES;
				CLANG_WARN_DIRECT_OBJC_ISA_USAGE = YES_ERROR;
				CLANG_WARN_EMPTY_BODY = YES;
				CLANG_WARN_ENUM_CONVERSION = YES;
				CLANG_WARN_INT_CONVERSION = YES;
				CLANG_WARN_OBJC_ROOT_CLASS = YES_ERROR;
				CLANG_WARN_UNREACHABLE_CODE = YES;
				CLANG_WARN__DUPLICATE_METHOD_MATCH = YES;
				"CODE_SIGN_IDENTITY[sdk=iphoneos*]" = "iPhone Developer";
				COPY_PHASE_STRIP = YES;
				ENABLE_NS_ASSERTIONS = NO;
				ENABLE_STRICT_OBJC_MSGSEND = YES;
				GCC_C_LANGUAGE_STANDARD = gnu99;
				GCC_WARN_64_TO_32_BIT_CONVERSION = YES;
				GCC_WARN_ABOUT_RETURN_TYPE = YES_ERROR;
				GCC_WARN_UNDECLARED_SELECTOR = YES;
				GCC_WARN_UNINITIALIZED_AUTOS = YES_AGGRESSIVE;
				GCC_WARN_UNUSED_FUNCTION = YES;
				GCC_WARN_UNUSED_VARIABLE = YES;
				IPHONEOS_DEPLOYMENT_TARGET = 8.0;
				MTL_ENABLE_DEBUG_INFO = NO;
				SDKROOT = iphoneos;
				VALIDATE_PRODUCT = YES;
			};
			name = Release;
		};
		31A0AC8F1A1566E000C74702 /* Debug */ = {
			isa = XCBuildConfiguration;
			buildSettings = {
				ASSETCATALOG_COMPILER_APPICON_NAME = AppIcon;
				INFOPLIST_FILE = Digijam/Info.plist;
				LD_RUNPATH_SEARCH_PATHS = "$(inherited) @executable_path/Frameworks";
				PRODUCT_NAME = "$(TARGET_NAME)";
			};
			name = Debug;
		};
		31A0AC901A1566E000C74702 /* Release */ = {
			isa = XCBuildConfiguration;
			buildSettings = {
				ASSETCATALOG_COMPILER_APPICON_NAME = AppIcon;
				INFOPLIST_FILE = Digijam/Info.plist;
				LD_RUNPATH_SEARCH_PATHS = "$(inherited) @executable_path/Frameworks";
				PRODUCT_NAME = "$(TARGET_NAME)";
			};
			name = Release;
		};
		31A0AC921A1566E000C74702 /* Debug */ = {
			isa = XCBuildConfiguration;
			buildSettings = {
				BUNDLE_LOADER = "$(TEST_HOST)";
				FRAMEWORK_SEARCH_PATHS = (
					"$(SDKROOT)/Developer/Library/Frameworks",
					"$(inherited)",
				);
				GCC_PREPROCESSOR_DEFINITIONS = (
					"DEBUG=1",
					"$(inherited)",
				);
				INFOPLIST_FILE = DigijamTests/Info.plist;
				LD_RUNPATH_SEARCH_PATHS = "$(inherited) @executable_path/Frameworks @loader_path/Frameworks";
				PRODUCT_NAME = "$(TARGET_NAME)";
				TEST_HOST = "$(BUILT_PRODUCTS_DIR)/Digijam.app/Digijam";
			};
			name = Debug;
		};
		31A0AC931A1566E000C74702 /* Release */ = {
			isa = XCBuildConfiguration;
			buildSettings = {
				BUNDLE_LOADER = "$(TEST_HOST)";
				FRAMEWORK_SEARCH_PATHS = (
					"$(SDKROOT)/Developer/Library/Frameworks",
					"$(inherited)",
				);
				INFOPLIST_FILE = DigijamTests/Info.plist;
				LD_RUNPATH_SEARCH_PATHS = "$(inherited) @executable_path/Frameworks @loader_path/Frameworks";
				PRODUCT_NAME = "$(TARGET_NAME)";
				TEST_HOST = "$(BUILT_PRODUCTS_DIR)/Digijam.app/Digijam";
			};
			name = Release;
		};
/* End XCBuildConfiguration section */

/* Begin XCConfigurationList section */
		31A0AC6A1A1566E000C74702 /* Build configuration list for PBXProject "Digijam" */ = {
			isa = XCConfigurationList;
			buildConfigurations = (
				31A0AC8C1A1566E000C74702 /* Debug */,
				31A0AC8D1A1566E000C74702 /* Release */,
			);
			defaultConfigurationIsVisible = 0;
			defaultConfigurationName = Release;
		};
		31A0AC8E1A1566E000C74702 /* Build configuration list for PBXNativeTarget "Digijam" */ = {
			isa = XCConfigurationList;
			buildConfigurations = (
				31A0AC8F1A1566E000C74702 /* Debug */,
				31A0AC901A1566E000C74702 /* Release */,
			);
			defaultConfigurationIsVisible = 0;
			defaultConfigurationName = Release;
		};
		31A0AC911A1566E000C74702 /* Build configuration list for PBXNativeTarget "DigijamTests" */ = {
			isa = XCConfigurationList;
			buildConfigurations = (
				31A0AC921A1566E000C74702 /* Debug */,
				31A0AC931A1566E000C74702 /* Release */,
			);
			defaultConfigurationIsVisible = 0;
			defaultConfigurationName = Release;
		};
/* End XCConfigurationList section */

/* Begin XCVersionGroup section */
		D808B4BC1A237A68004BF515 /* Digijam.xcdatamodeld */ = {
			isa = XCVersionGroup;
			children = (
				D808B4BD1A237A68004BF515 /* Digijam.xcdatamodel */,
			);
			currentVersion = D808B4BD1A237A68004BF515 /* Digijam.xcdatamodel */;
			path = Digijam.xcdatamodeld;
			sourceTree = "<group>";
			versionGroupType = wrapper.xcdatamodel;
		};
/* End XCVersionGroup section */
	};
	rootObject = 31A0AC671A1566E000C74702 /* Project object */;
}
